
Microsoft Visual Studio Solution File, Format Version 12.00
# Visual Studio 15
VisualStudioVersion = 15.0.27703.2047
MinimumVisualStudioVersion = 10.0.40219.1
Project("{9A19103F-16F7-4668-BE54-9A1E7A4F7556}") = "Monowallet.UI.Core", "Monowallet.UI.Core\Monowallet.UI.Core.csproj", "{897A5124-DA2E-4944-AA30-5174694A8EAD}"
EndProject
Project("{FAE04EC0-301F-11D3-BF4B-00C04F79EFBC}") = "Monowallet.UI.Android", "Monowallet.UI.Android\Monowallet.UI.Android.csproj", "{6FCCC127-D94D-4754-A6D5-EA815597DE81}"
EndProject
Project("{FAE04EC0-301F-11D3-BF4B-00C04F79EFBC}") = "Monowallet.UI.iOS", "Monowallet.UI.iOS\Monowallet.UI.iOS.csproj", "{002E1BA9-54FA-4D4E-9577-071460150068}"
EndProject
Project("{FAE04EC0-301F-11D3-BF4B-00C04F79EFBC}") = "Monowallet.UI.UWP", "Monowallet.UI.UWP\Monowallet.UI.UWP.csproj", "{D315039A-73A9-43F6-95D3-DBD0CE03F6A7}"
EndProject
Project("{FAE04EC0-301F-11D3-BF4B-00C04F79EFBC}") = "Monowallet.UI.UITest", "Monowallet.UI.Test\Monowallet.UI.Test.csproj", "{B19C892E-2628-4CA7-AD27-08D406A3B14B}"
EndProject
Project("{9A19103F-16F7-4668-BE54-9A1E7A4F7556}") = "Monowallet.Core", "Monowallet.Core\Monowallet.Core.csproj", "{28AEC58B-D415-489C-B5BE-7CFE679497D4}"
EndProject
Project("{9A19103F-16F7-4668-BE54-9A1E7A4F7556}") = "Monowallet.Core.Test", "Monowallet.Core.Test\Monowallet.Core.Test.csproj", "{FCFA1A25-B737-48A2-A58C-9CE2E355BDDA}"
EndProject
Global
	GlobalSection(SolutionConfigurationPlatforms) = preSolution
		Ad-Hoc|Any CPU = Ad-Hoc|Any CPU
		Ad-Hoc|ARM = Ad-Hoc|ARM
		Ad-Hoc|iPhone = Ad-Hoc|iPhone
		Ad-Hoc|iPhoneSimulator = Ad-Hoc|iPhoneSimulator
		Ad-Hoc|x64 = Ad-Hoc|x64
		Ad-Hoc|x86 = Ad-Hoc|x86
		AppStore|Any CPU = AppStore|Any CPU
		AppStore|ARM = AppStore|ARM
		AppStore|iPhone = AppStore|iPhone
		AppStore|iPhoneSimulator = AppStore|iPhoneSimulator
		AppStore|x64 = AppStore|x64
		AppStore|x86 = AppStore|x86
		Debug|Any CPU = Debug|Any CPU
		Debug|ARM = Debug|ARM
		Debug|iPhone = Debug|iPhone
		Debug|iPhoneSimulator = Debug|iPhoneSimulator
		Debug|x64 = Debug|x64
		Debug|x86 = Debug|x86
		Release|Any CPU = Release|Any CPU
		Release|ARM = Release|ARM
		Release|iPhone = Release|iPhone
		Release|iPhoneSimulator = Release|iPhoneSimulator
		Release|x64 = Release|x64
		Release|x86 = Release|x86
	EndGlobalSection
	GlobalSection(ProjectConfigurationPlatforms) = postSolution
		{897A5124-DA2E-4944-AA30-5174694A8EAD}.Ad-Hoc|Any CPU.ActiveCfg = Debug|Any CPU
		{897A5124-DA2E-4944-AA30-5174694A8EAD}.Ad-Hoc|Any CPU.Build.0 = Debug|Any CPU
		{897A5124-DA2E-4944-AA30-5174694A8EAD}.Ad-Hoc|ARM.ActiveCfg = Debug|Any CPU
		{897A5124-DA2E-4944-AA30-5174694A8EAD}.Ad-Hoc|ARM.Build.0 = Debug|Any CPU
		{897A5124-DA2E-4944-AA30-5174694A8EAD}.Ad-Hoc|iPhone.ActiveCfg = Debug|Any CPU
		{897A5124-DA2E-4944-AA30-5174694A8EAD}.Ad-Hoc|iPhone.Build.0 = Debug|Any CPU
		{897A5124-DA2E-4944-AA30-5174694A8EAD}.Ad-Hoc|iPhoneSimulator.ActiveCfg = Debug|Any CPU
		{897A5124-DA2E-4944-AA30-5174694A8EAD}.Ad-Hoc|iPhoneSimulator.Build.0 = Debug|Any CPU
		{897A5124-DA2E-4944-AA30-5174694A8EAD}.Ad-Hoc|x64.ActiveCfg = Debug|Any CPU
		{897A5124-DA2E-4944-AA30-5174694A8EAD}.Ad-Hoc|x64.Build.0 = Debug|Any CPU
		{897A5124-DA2E-4944-AA30-5174694A8EAD}.Ad-Hoc|x86.ActiveCfg = Debug|Any CPU
		{897A5124-DA2E-4944-AA30-5174694A8EAD}.Ad-Hoc|x86.Build.0 = Debug|Any CPU
		{897A5124-DA2E-4944-AA30-5174694A8EAD}.AppStore|Any CPU.ActiveCfg = Debug|Any CPU
		{897A5124-DA2E-4944-AA30-5174694A8EAD}.AppStore|Any CPU.Build.0 = Debug|Any CPU
		{897A5124-DA2E-4944-AA30-5174694A8EAD}.AppStore|ARM.ActiveCfg = Debug|Any CPU
		{897A5124-DA2E-4944-AA30-5174694A8EAD}.AppStore|ARM.Build.0 = Debug|Any CPU
		{897A5124-DA2E-4944-AA30-5174694A8EAD}.AppStore|iPhone.ActiveCfg = Debug|Any CPU
		{897A5124-DA2E-4944-AA30-5174694A8EAD}.AppStore|iPhone.Build.0 = Debug|Any CPU
		{897A5124-DA2E-4944-AA30-5174694A8EAD}.AppStore|iPhoneSimulator.ActiveCfg = Debug|Any CPU
		{897A5124-DA2E-4944-AA30-5174694A8EAD}.AppStore|iPhoneSimulator.Build.0 = Debug|Any CPU
		{897A5124-DA2E-4944-AA30-5174694A8EAD}.AppStore|x64.ActiveCfg = Debug|Any CPU
		{897A5124-DA2E-4944-AA30-5174694A8EAD}.AppStore|x64.Build.0 = Debug|Any CPU
		{897A5124-DA2E-4944-AA30-5174694A8EAD}.AppStore|x86.ActiveCfg = Debug|Any CPU
		{897A5124-DA2E-4944-AA30-5174694A8EAD}.AppStore|x86.Build.0 = Debug|Any CPU
		{897A5124-DA2E-4944-AA30-5174694A8EAD}.Debug|Any CPU.ActiveCfg = Debug|Any CPU
		{897A5124-DA2E-4944-AA30-5174694A8EAD}.Debug|Any CPU.Build.0 = Debug|Any CPU
		{897A5124-DA2E-4944-AA30-5174694A8EAD}.Debug|ARM.ActiveCfg = Debug|Any CPU
		{897A5124-DA2E-4944-AA30-5174694A8EAD}.Debug|ARM.Build.0 = Debug|Any CPU
		{897A5124-DA2E-4944-AA30-5174694A8EAD}.Debug|iPhone.ActiveCfg = Debug|Any CPU
		{897A5124-DA2E-4944-AA30-5174694A8EAD}.Debug|iPhone.Build.0 = Debug|Any CPU
		{897A5124-DA2E-4944-AA30-5174694A8EAD}.Debug|iPhoneSimulator.ActiveCfg = Debug|Any CPU
		{897A5124-DA2E-4944-AA30-5174694A8EAD}.Debug|iPhoneSimulator.Build.0 = Debug|Any CPU
		{897A5124-DA2E-4944-AA30-5174694A8EAD}.Debug|x64.ActiveCfg = Debug|Any CPU
		{897A5124-DA2E-4944-AA30-5174694A8EAD}.Debug|x64.Build.0 = Debug|Any CPU
		{897A5124-DA2E-4944-AA30-5174694A8EAD}.Debug|x86.ActiveCfg = Debug|Any CPU
		{897A5124-DA2E-4944-AA30-5174694A8EAD}.Debug|x86.Build.0 = Debug|Any CPU
		{897A5124-DA2E-4944-AA30-5174694A8EAD}.Release|Any CPU.ActiveCfg = Release|Any CPU
		{897A5124-DA2E-4944-AA30-5174694A8EAD}.Release|Any CPU.Build.0 = Release|Any CPU
		{897A5124-DA2E-4944-AA30-5174694A8EAD}.Release|ARM.ActiveCfg = Release|Any CPU
		{897A5124-DA2E-4944-AA30-5174694A8EAD}.Release|ARM.Build.0 = Release|Any CPU
		{897A5124-DA2E-4944-AA30-5174694A8EAD}.Release|iPhone.ActiveCfg = Release|Any CPU
		{897A5124-DA2E-4944-AA30-5174694A8EAD}.Release|iPhone.Build.0 = Release|Any CPU
		{897A5124-DA2E-4944-AA30-5174694A8EAD}.Release|iPhoneSimulator.ActiveCfg = Release|Any CPU
		{897A5124-DA2E-4944-AA30-5174694A8EAD}.Release|iPhoneSimulator.Build.0 = Release|Any CPU
		{897A5124-DA2E-4944-AA30-5174694A8EAD}.Release|x64.ActiveCfg = Debug|Any CPU
		{897A5124-DA2E-4944-AA30-5174694A8EAD}.Release|x64.Build.0 = Debug|Any CPU
		{897A5124-DA2E-4944-AA30-5174694A8EAD}.Release|x86.ActiveCfg = Release|Any CPU
		{897A5124-DA2E-4944-AA30-5174694A8EAD}.Release|x86.Build.0 = Release|Any CPU
		{6FCCC127-D94D-4754-A6D5-EA815597DE81}.Ad-Hoc|Any CPU.ActiveCfg = Release|Any CPU
		{6FCCC127-D94D-4754-A6D5-EA815597DE81}.Ad-Hoc|Any CPU.Build.0 = Release|Any CPU
		{6FCCC127-D94D-4754-A6D5-EA815597DE81}.Ad-Hoc|Any CPU.Deploy.0 = Release|Any CPU
		{6FCCC127-D94D-4754-A6D5-EA815597DE81}.Ad-Hoc|ARM.ActiveCfg = Release|Any CPU
		{6FCCC127-D94D-4754-A6D5-EA815597DE81}.Ad-Hoc|ARM.Build.0 = Release|Any CPU
		{6FCCC127-D94D-4754-A6D5-EA815597DE81}.Ad-Hoc|ARM.Deploy.0 = Release|Any CPU
		{6FCCC127-D94D-4754-A6D5-EA815597DE81}.Ad-Hoc|iPhone.ActiveCfg = Release|Any CPU
		{6FCCC127-D94D-4754-A6D5-EA815597DE81}.Ad-Hoc|iPhone.Build.0 = Release|Any CPU
		{6FCCC127-D94D-4754-A6D5-EA815597DE81}.Ad-Hoc|iPhone.Deploy.0 = Release|Any CPU
		{6FCCC127-D94D-4754-A6D5-EA815597DE81}.Ad-Hoc|iPhoneSimulator.ActiveCfg = Release|Any CPU
		{6FCCC127-D94D-4754-A6D5-EA815597DE81}.Ad-Hoc|iPhoneSimulator.Build.0 = Release|Any CPU
		{6FCCC127-D94D-4754-A6D5-EA815597DE81}.Ad-Hoc|iPhoneSimulator.Deploy.0 = Release|Any CPU
		{6FCCC127-D94D-4754-A6D5-EA815597DE81}.Ad-Hoc|x64.ActiveCfg = Release|Any CPU
		{6FCCC127-D94D-4754-A6D5-EA815597DE81}.Ad-Hoc|x64.Build.0 = Release|Any CPU
		{6FCCC127-D94D-4754-A6D5-EA815597DE81}.Ad-Hoc|x64.Deploy.0 = Release|Any CPU
		{6FCCC127-D94D-4754-A6D5-EA815597DE81}.Ad-Hoc|x86.ActiveCfg = Release|Any CPU
		{6FCCC127-D94D-4754-A6D5-EA815597DE81}.Ad-Hoc|x86.Build.0 = Release|Any CPU
		{6FCCC127-D94D-4754-A6D5-EA815597DE81}.Ad-Hoc|x86.Deploy.0 = Release|Any CPU
		{6FCCC127-D94D-4754-A6D5-EA815597DE81}.AppStore|Any CPU.ActiveCfg = Release|Any CPU
		{6FCCC127-D94D-4754-A6D5-EA815597DE81}.AppStore|Any CPU.Build.0 = Release|Any CPU
		{6FCCC127-D94D-4754-A6D5-EA815597DE81}.AppStore|Any CPU.Deploy.0 = Release|Any CPU
		{6FCCC127-D94D-4754-A6D5-EA815597DE81}.AppStore|ARM.ActiveCfg = Release|Any CPU
		{6FCCC127-D94D-4754-A6D5-EA815597DE81}.AppStore|ARM.Build.0 = Release|Any CPU
		{6FCCC127-D94D-4754-A6D5-EA815597DE81}.AppStore|ARM.Deploy.0 = Release|Any CPU
		{6FCCC127-D94D-4754-A6D5-EA815597DE81}.AppStore|iPhone.ActiveCfg = Release|Any CPU
		{6FCCC127-D94D-4754-A6D5-EA815597DE81}.AppStore|iPhone.Build.0 = Release|Any CPU
		{6FCCC127-D94D-4754-A6D5-EA815597DE81}.AppStore|iPhone.Deploy.0 = Release|Any CPU
		{6FCCC127-D94D-4754-A6D5-EA815597DE81}.AppStore|iPhoneSimulator.ActiveCfg = Release|Any CPU
		{6FCCC127-D94D-4754-A6D5-EA815597DE81}.AppStore|iPhoneSimulator.Build.0 = Release|Any CPU
		{6FCCC127-D94D-4754-A6D5-EA815597DE81}.AppStore|iPhoneSimulator.Deploy.0 = Release|Any CPU
		{6FCCC127-D94D-4754-A6D5-EA815597DE81}.AppStore|x64.ActiveCfg = Release|Any CPU
		{6FCCC127-D94D-4754-A6D5-EA815597DE81}.AppStore|x64.Build.0 = Release|Any CPU
		{6FCCC127-D94D-4754-A6D5-EA815597DE81}.AppStore|x64.Deploy.0 = Release|Any CPU
		{6FCCC127-D94D-4754-A6D5-EA815597DE81}.AppStore|x86.ActiveCfg = Release|Any CPU
		{6FCCC127-D94D-4754-A6D5-EA815597DE81}.AppStore|x86.Build.0 = Release|Any CPU
		{6FCCC127-D94D-4754-A6D5-EA815597DE81}.AppStore|x86.Deploy.0 = Release|Any CPU
		{6FCCC127-D94D-4754-A6D5-EA815597DE81}.Debug|Any CPU.ActiveCfg = Debug|Any CPU
		{6FCCC127-D94D-4754-A6D5-EA815597DE81}.Debug|Any CPU.Build.0 = Debug|Any CPU
		{6FCCC127-D94D-4754-A6D5-EA815597DE81}.Debug|Any CPU.Deploy.0 = Debug|Any CPU
		{6FCCC127-D94D-4754-A6D5-EA815597DE81}.Debug|ARM.ActiveCfg = Debug|Any CPU
		{6FCCC127-D94D-4754-A6D5-EA815597DE81}.Debug|ARM.Build.0 = Debug|Any CPU
		{6FCCC127-D94D-4754-A6D5-EA815597DE81}.Debug|ARM.Deploy.0 = Debug|Any CPU
		{6FCCC127-D94D-4754-A6D5-EA815597DE81}.Debug|iPhone.ActiveCfg = Debug|Any CPU
		{6FCCC127-D94D-4754-A6D5-EA815597DE81}.Debug|iPhone.Build.0 = Debug|Any CPU
		{6FCCC127-D94D-4754-A6D5-EA815597DE81}.Debug|iPhone.Deploy.0 = Debug|Any CPU
		{6FCCC127-D94D-4754-A6D5-EA815597DE81}.Debug|iPhoneSimulator.ActiveCfg = Debug|Any CPU
		{6FCCC127-D94D-4754-A6D5-EA815597DE81}.Debug|iPhoneSimulator.Build.0 = Debug|Any CPU
		{6FCCC127-D94D-4754-A6D5-EA815597DE81}.Debug|iPhoneSimulator.Deploy.0 = Debug|Any CPU
		{6FCCC127-D94D-4754-A6D5-EA815597DE81}.Debug|x64.ActiveCfg = Release|Any CPU
		{6FCCC127-D94D-4754-A6D5-EA815597DE81}.Debug|x64.Build.0 = Release|Any CPU
		{6FCCC127-D94D-4754-A6D5-EA815597DE81}.Debug|x64.Deploy.0 = Release|Any CPU
		{6FCCC127-D94D-4754-A6D5-EA815597DE81}.Debug|x86.ActiveCfg = Debug|Any CPU
		{6FCCC127-D94D-4754-A6D5-EA815597DE81}.Release|Any CPU.ActiveCfg = Release|Any CPU
		{6FCCC127-D94D-4754-A6D5-EA815597DE81}.Release|Any CPU.Build.0 = Release|Any CPU
		{6FCCC127-D94D-4754-A6D5-EA815597DE81}.Release|Any CPU.Deploy.0 = Release|Any CPU
		{6FCCC127-D94D-4754-A6D5-EA815597DE81}.Release|ARM.ActiveCfg = Release|Any CPU
		{6FCCC127-D94D-4754-A6D5-EA815597DE81}.Release|ARM.Build.0 = Release|Any CPU
		{6FCCC127-D94D-4754-A6D5-EA815597DE81}.Release|ARM.Deploy.0 = Release|Any CPU
		{6FCCC127-D94D-4754-A6D5-EA815597DE81}.Release|iPhone.ActiveCfg = Release|Any CPU
		{6FCCC127-D94D-4754-A6D5-EA815597DE81}.Release|iPhone.Build.0 = Release|Any CPU
		{6FCCC127-D94D-4754-A6D5-EA815597DE81}.Release|iPhone.Deploy.0 = Release|Any CPU
		{6FCCC127-D94D-4754-A6D5-EA815597DE81}.Release|iPhoneSimulator.ActiveCfg = Release|Any CPU
		{6FCCC127-D94D-4754-A6D5-EA815597DE81}.Release|iPhoneSimulator.Build.0 = Release|Any CPU
		{6FCCC127-D94D-4754-A6D5-EA815597DE81}.Release|iPhoneSimulator.Deploy.0 = Release|Any CPU
		{6FCCC127-D94D-4754-A6D5-EA815597DE81}.Release|x64.ActiveCfg = Release|Any CPU
		{6FCCC127-D94D-4754-A6D5-EA815597DE81}.Release|x64.Build.0 = Release|Any CPU
		{6FCCC127-D94D-4754-A6D5-EA815597DE81}.Release|x64.Deploy.0 = Release|Any CPU
		{6FCCC127-D94D-4754-A6D5-EA815597DE81}.Release|x86.ActiveCfg = Release|Any CPU
		{6FCCC127-D94D-4754-A6D5-EA815597DE81}.Release|x86.Build.0 = Release|Any CPU
		{6FCCC127-D94D-4754-A6D5-EA815597DE81}.Release|x86.Deploy.0 = Release|Any CPU
		{002E1BA9-54FA-4D4E-9577-071460150068}.Ad-Hoc|Any CPU.ActiveCfg = Ad-Hoc|iPhone
		{002E1BA9-54FA-4D4E-9577-071460150068}.Ad-Hoc|ARM.ActiveCfg = Ad-Hoc|iPhone
		{002E1BA9-54FA-4D4E-9577-071460150068}.Ad-Hoc|iPhone.ActiveCfg = Ad-Hoc|iPhone
		{002E1BA9-54FA-4D4E-9577-071460150068}.Ad-Hoc|iPhone.Build.0 = Ad-Hoc|iPhone
		{002E1BA9-54FA-4D4E-9577-071460150068}.Ad-Hoc|iPhoneSimulator.ActiveCfg = Ad-Hoc|iPhoneSimulator
		{002E1BA9-54FA-4D4E-9577-071460150068}.Ad-Hoc|iPhoneSimulator.Build.0 = Ad-Hoc|iPhoneSimulator
		{002E1BA9-54FA-4D4E-9577-071460150068}.Ad-Hoc|x64.ActiveCfg = Ad-Hoc|iPhone
		{002E1BA9-54FA-4D4E-9577-071460150068}.Ad-Hoc|x86.ActiveCfg = Ad-Hoc|iPhone
		{002E1BA9-54FA-4D4E-9577-071460150068}.AppStore|Any CPU.ActiveCfg = AppStore|iPhone
		{002E1BA9-54FA-4D4E-9577-071460150068}.AppStore|ARM.ActiveCfg = AppStore|iPhone
		{002E1BA9-54FA-4D4E-9577-071460150068}.AppStore|iPhone.ActiveCfg = AppStore|iPhone
		{002E1BA9-54FA-4D4E-9577-071460150068}.AppStore|iPhone.Build.0 = AppStore|iPhone
		{002E1BA9-54FA-4D4E-9577-071460150068}.AppStore|iPhoneSimulator.ActiveCfg = AppStore|iPhoneSimulator
		{002E1BA9-54FA-4D4E-9577-071460150068}.AppStore|iPhoneSimulator.Build.0 = AppStore|iPhoneSimulator
		{002E1BA9-54FA-4D4E-9577-071460150068}.AppStore|x64.ActiveCfg = Ad-Hoc|iPhone
		{002E1BA9-54FA-4D4E-9577-071460150068}.AppStore|x86.ActiveCfg = AppStore|iPhone
		{002E1BA9-54FA-4D4E-9577-071460150068}.Debug|Any CPU.ActiveCfg = Debug|iPhone
		{002E1BA9-54FA-4D4E-9577-071460150068}.Debug|ARM.ActiveCfg = Debug|iPhone
		{002E1BA9-54FA-4D4E-9577-071460150068}.Debug|iPhone.ActiveCfg = Debug|iPhone
		{002E1BA9-54FA-4D4E-9577-071460150068}.Debug|iPhone.Build.0 = Debug|iPhone
		{002E1BA9-54FA-4D4E-9577-071460150068}.Debug|iPhoneSimulator.ActiveCfg = Debug|iPhoneSimulator
		{002E1BA9-54FA-4D4E-9577-071460150068}.Debug|iPhoneSimulator.Build.0 = Debug|iPhoneSimulator
		{002E1BA9-54FA-4D4E-9577-071460150068}.Debug|x64.ActiveCfg = Ad-Hoc|iPhone
		{002E1BA9-54FA-4D4E-9577-071460150068}.Debug|x86.ActiveCfg = Debug|iPhone
		{002E1BA9-54FA-4D4E-9577-071460150068}.Release|Any CPU.ActiveCfg = Release|iPhone
		{002E1BA9-54FA-4D4E-9577-071460150068}.Release|ARM.ActiveCfg = Release|iPhone
		{002E1BA9-54FA-4D4E-9577-071460150068}.Release|iPhone.ActiveCfg = Release|iPhone
		{002E1BA9-54FA-4D4E-9577-071460150068}.Release|iPhone.Build.0 = Release|iPhone
		{002E1BA9-54FA-4D4E-9577-071460150068}.Release|iPhoneSimulator.ActiveCfg = Release|iPhoneSimulator
		{002E1BA9-54FA-4D4E-9577-071460150068}.Release|iPhoneSimulator.Build.0 = Release|iPhoneSimulator
		{002E1BA9-54FA-4D4E-9577-071460150068}.Release|x64.ActiveCfg = Ad-Hoc|iPhone
		{002E1BA9-54FA-4D4E-9577-071460150068}.Release|x86.ActiveCfg = Release|iPhone
		{D315039A-73A9-43F6-95D3-DBD0CE03F6A7}.Ad-Hoc|Any CPU.ActiveCfg = Release|x86
		{D315039A-73A9-43F6-95D3-DBD0CE03F6A7}.Ad-Hoc|Any CPU.Build.0 = Release|x86
		{D315039A-73A9-43F6-95D3-DBD0CE03F6A7}.Ad-Hoc|Any CPU.Deploy.0 = Release|x86
		{D315039A-73A9-43F6-95D3-DBD0CE03F6A7}.Ad-Hoc|ARM.ActiveCfg = Release|ARM
		{D315039A-73A9-43F6-95D3-DBD0CE03F6A7}.Ad-Hoc|ARM.Build.0 = Release|ARM
		{D315039A-73A9-43F6-95D3-DBD0CE03F6A7}.Ad-Hoc|ARM.Deploy.0 = Release|ARM
		{D315039A-73A9-43F6-95D3-DBD0CE03F6A7}.Ad-Hoc|iPhone.ActiveCfg = Release|x86
		{D315039A-73A9-43F6-95D3-DBD0CE03F6A7}.Ad-Hoc|iPhone.Build.0 = Release|x86
		{D315039A-73A9-43F6-95D3-DBD0CE03F6A7}.Ad-Hoc|iPhone.Deploy.0 = Release|x86
		{D315039A-73A9-43F6-95D3-DBD0CE03F6A7}.Ad-Hoc|iPhoneSimulator.ActiveCfg = Release|x86
		{D315039A-73A9-43F6-95D3-DBD0CE03F6A7}.Ad-Hoc|iPhoneSimulator.Build.0 = Release|x86
		{D315039A-73A9-43F6-95D3-DBD0CE03F6A7}.Ad-Hoc|iPhoneSimulator.Deploy.0 = Release|x86
		{D315039A-73A9-43F6-95D3-DBD0CE03F6A7}.Ad-Hoc|x64.ActiveCfg = Release|x64
		{D315039A-73A9-43F6-95D3-DBD0CE03F6A7}.Ad-Hoc|x64.Build.0 = Release|x64
		{D315039A-73A9-43F6-95D3-DBD0CE03F6A7}.Ad-Hoc|x64.Deploy.0 = Release|x64
		{D315039A-73A9-43F6-95D3-DBD0CE03F6A7}.Ad-Hoc|x86.ActiveCfg = Release|x86
		{D315039A-73A9-43F6-95D3-DBD0CE03F6A7}.Ad-Hoc|x86.Build.0 = Release|x86
		{D315039A-73A9-43F6-95D3-DBD0CE03F6A7}.Ad-Hoc|x86.Deploy.0 = Release|x86
		{D315039A-73A9-43F6-95D3-DBD0CE03F6A7}.AppStore|Any CPU.ActiveCfg = Release|x86
		{D315039A-73A9-43F6-95D3-DBD0CE03F6A7}.AppStore|Any CPU.Build.0 = Release|x86
		{D315039A-73A9-43F6-95D3-DBD0CE03F6A7}.AppStore|Any CPU.Deploy.0 = Release|x86
		{D315039A-73A9-43F6-95D3-DBD0CE03F6A7}.AppStore|ARM.ActiveCfg = Release|ARM
		{D315039A-73A9-43F6-95D3-DBD0CE03F6A7}.AppStore|ARM.Build.0 = Release|ARM
		{D315039A-73A9-43F6-95D3-DBD0CE03F6A7}.AppStore|ARM.Deploy.0 = Release|ARM
		{D315039A-73A9-43F6-95D3-DBD0CE03F6A7}.AppStore|iPhone.ActiveCfg = Release|x86
		{D315039A-73A9-43F6-95D3-DBD0CE03F6A7}.AppStore|iPhone.Build.0 = Release|x86
		{D315039A-73A9-43F6-95D3-DBD0CE03F6A7}.AppStore|iPhone.Deploy.0 = Release|x86
		{D315039A-73A9-43F6-95D3-DBD0CE03F6A7}.AppStore|iPhoneSimulator.ActiveCfg = Release|x86
		{D315039A-73A9-43F6-95D3-DBD0CE03F6A7}.AppStore|iPhoneSimulator.Build.0 = Release|x86
		{D315039A-73A9-43F6-95D3-DBD0CE03F6A7}.AppStore|iPhoneSimulator.Deploy.0 = Release|x86
		{D315039A-73A9-43F6-95D3-DBD0CE03F6A7}.AppStore|x64.ActiveCfg = Release|x64
		{D315039A-73A9-43F6-95D3-DBD0CE03F6A7}.AppStore|x64.Build.0 = Release|x64
		{D315039A-73A9-43F6-95D3-DBD0CE03F6A7}.AppStore|x64.Deploy.0 = Release|x64
		{D315039A-73A9-43F6-95D3-DBD0CE03F6A7}.AppStore|x86.ActiveCfg = Release|x86
		{D315039A-73A9-43F6-95D3-DBD0CE03F6A7}.AppStore|x86.Build.0 = Release|x86
		{D315039A-73A9-43F6-95D3-DBD0CE03F6A7}.AppStore|x86.Deploy.0 = Release|x86
		{D315039A-73A9-43F6-95D3-DBD0CE03F6A7}.Debug|Any CPU.ActiveCfg = Debug|x86
		{D315039A-73A9-43F6-95D3-DBD0CE03F6A7}.Debug|ARM.ActiveCfg = Debug|ARM
		{D315039A-73A9-43F6-95D3-DBD0CE03F6A7}.Debug|ARM.Build.0 = Debug|ARM
		{D315039A-73A9-43F6-95D3-DBD0CE03F6A7}.Debug|ARM.Deploy.0 = Debug|ARM
		{D315039A-73A9-43F6-95D3-DBD0CE03F6A7}.Debug|iPhone.ActiveCfg = Debug|x86
		{D315039A-73A9-43F6-95D3-DBD0CE03F6A7}.Debug|iPhoneSimulator.ActiveCfg = Debug|x86
		{D315039A-73A9-43F6-95D3-DBD0CE03F6A7}.Debug|x64.ActiveCfg = Release|x64
		{D315039A-73A9-43F6-95D3-DBD0CE03F6A7}.Debug|x64.Build.0 = Release|x64
		{D315039A-73A9-43F6-95D3-DBD0CE03F6A7}.Debug|x64.Deploy.0 = Release|x64
		{D315039A-73A9-43F6-95D3-DBD0CE03F6A7}.Debug|x86.ActiveCfg = Debug|x86
		{D315039A-73A9-43F6-95D3-DBD0CE03F6A7}.Debug|x86.Build.0 = Debug|x86
		{D315039A-73A9-43F6-95D3-DBD0CE03F6A7}.Debug|x86.Deploy.0 = Debug|x86
		{D315039A-73A9-43F6-95D3-DBD0CE03F6A7}.Release|Any CPU.ActiveCfg = Release|x86
		{D315039A-73A9-43F6-95D3-DBD0CE03F6A7}.Release|ARM.ActiveCfg = Release|ARM
		{D315039A-73A9-43F6-95D3-DBD0CE03F6A7}.Release|ARM.Build.0 = Release|ARM
		{D315039A-73A9-43F6-95D3-DBD0CE03F6A7}.Release|ARM.Deploy.0 = Release|ARM
		{D315039A-73A9-43F6-95D3-DBD0CE03F6A7}.Release|iPhone.ActiveCfg = Release|x86
		{D315039A-73A9-43F6-95D3-DBD0CE03F6A7}.Release|iPhoneSimulator.ActiveCfg = Release|x86
		{D315039A-73A9-43F6-95D3-DBD0CE03F6A7}.Release|x64.ActiveCfg = Release|x64
		{D315039A-73A9-43F6-95D3-DBD0CE03F6A7}.Release|x64.Build.0 = Release|x64
		{D315039A-73A9-43F6-95D3-DBD0CE03F6A7}.Release|x64.Deploy.0 = Release|x64
		{D315039A-73A9-43F6-95D3-DBD0CE03F6A7}.Release|x86.ActiveCfg = Release|x86
		{D315039A-73A9-43F6-95D3-DBD0CE03F6A7}.Release|x86.Build.0 = Release|x86
		{D315039A-73A9-43F6-95D3-DBD0CE03F6A7}.Release|x86.Deploy.0 = Release|x86
		{B19C892E-2628-4CA7-AD27-08D406A3B14B}.Ad-Hoc|Any CPU.ActiveCfg = Release|Any CPU
		{B19C892E-2628-4CA7-AD27-08D406A3B14B}.Ad-Hoc|Any CPU.Build.0 = Release|Any CPU
		{B19C892E-2628-4CA7-AD27-08D406A3B14B}.Ad-Hoc|ARM.ActiveCfg = Release|Any CPU
		{B19C892E-2628-4CA7-AD27-08D406A3B14B}.Ad-Hoc|ARM.Build.0 = Release|Any CPU
		{B19C892E-2628-4CA7-AD27-08D406A3B14B}.Ad-Hoc|iPhone.ActiveCfg = Release|Any CPU
		{B19C892E-2628-4CA7-AD27-08D406A3B14B}.Ad-Hoc|iPhone.Build.0 = Release|Any CPU
		{B19C892E-2628-4CA7-AD27-08D406A3B14B}.Ad-Hoc|iPhoneSimulator.ActiveCfg = Release|Any CPU
		{B19C892E-2628-4CA7-AD27-08D406A3B14B}.Ad-Hoc|iPhoneSimulator.Build.0 = Release|Any CPU
		{B19C892E-2628-4CA7-AD27-08D406A3B14B}.Ad-Hoc|x64.ActiveCfg = Release|Any CPU
		{B19C892E-2628-4CA7-AD27-08D406A3B14B}.Ad-Hoc|x64.Build.0 = Release|Any CPU
		{B19C892E-2628-4CA7-AD27-08D406A3B14B}.Ad-Hoc|x86.ActiveCfg = Release|Any CPU
		{B19C892E-2628-4CA7-AD27-08D406A3B14B}.Ad-Hoc|x86.Build.0 = Release|Any CPU
		{B19C892E-2628-4CA7-AD27-08D406A3B14B}.AppStore|Any CPU.ActiveCfg = Release|Any CPU
		{B19C892E-2628-4CA7-AD27-08D406A3B14B}.AppStore|Any CPU.Build.0 = Release|Any CPU
		{B19C892E-2628-4CA7-AD27-08D406A3B14B}.AppStore|ARM.ActiveCfg = Release|Any CPU
		{B19C892E-2628-4CA7-AD27-08D406A3B14B}.AppStore|ARM.Build.0 = Release|Any CPU
		{B19C892E-2628-4CA7-AD27-08D406A3B14B}.AppStore|iPhone.ActiveCfg = Release|Any CPU
		{B19C892E-2628-4CA7-AD27-08D406A3B14B}.AppStore|iPhone.Build.0 = Release|Any CPU
		{B19C892E-2628-4CA7-AD27-08D406A3B14B}.AppStore|iPhoneSimulator.ActiveCfg = Release|Any CPU
		{B19C892E-2628-4CA7-AD27-08D406A3B14B}.AppStore|iPhoneSimulator.Build.0 = Release|Any CPU
		{B19C892E-2628-4CA7-AD27-08D406A3B14B}.AppStore|x64.ActiveCfg = Release|Any CPU
		{B19C892E-2628-4CA7-AD27-08D406A3B14B}.AppStore|x64.Build.0 = Release|Any CPU
		{B19C892E-2628-4CA7-AD27-08D406A3B14B}.AppStore|x86.ActiveCfg = Release|Any CPU
		{B19C892E-2628-4CA7-AD27-08D406A3B14B}.AppStore|x86.Build.0 = Release|Any CPU
		{B19C892E-2628-4CA7-AD27-08D406A3B14B}.Debug|Any CPU.ActiveCfg = Debug|Any CPU
		{B19C892E-2628-4CA7-AD27-08D406A3B14B}.Debug|Any CPU.Build.0 = Debug|Any CPU
		{B19C892E-2628-4CA7-AD27-08D406A3B14B}.Debug|ARM.ActiveCfg = Debug|Any CPU
		{B19C892E-2628-4CA7-AD27-08D406A3B14B}.Debug|ARM.Build.0 = Debug|Any CPU
		{B19C892E-2628-4CA7-AD27-08D406A3B14B}.Debug|iPhone.ActiveCfg = Debug|Any CPU
		{B19C892E-2628-4CA7-AD27-08D406A3B14B}.Debug|iPhone.Build.0 = Debug|Any CPU
		{B19C892E-2628-4CA7-AD27-08D406A3B14B}.Debug|iPhoneSimulator.ActiveCfg = Debug|Any CPU
		{B19C892E-2628-4CA7-AD27-08D406A3B14B}.Debug|iPhoneSimulator.Build.0 = Debug|Any CPU
		{B19C892E-2628-4CA7-AD27-08D406A3B14B}.Debug|x64.ActiveCfg = Release|Any CPU
		{B19C892E-2628-4CA7-AD27-08D406A3B14B}.Debug|x64.Build.0 = Release|Any CPU
		{B19C892E-2628-4CA7-AD27-08D406A3B14B}.Debug|x86.ActiveCfg = Debug|Any CPU
		{B19C892E-2628-4CA7-AD27-08D406A3B14B}.Release|Any CPU.ActiveCfg = Release|Any CPU
		{B19C892E-2628-4CA7-AD27-08D406A3B14B}.Release|Any CPU.Build.0 = Release|Any CPU
		{B19C892E-2628-4CA7-AD27-08D406A3B14B}.Release|ARM.ActiveCfg = Release|Any CPU
		{B19C892E-2628-4CA7-AD27-08D406A3B14B}.Release|ARM.Build.0 = Release|Any CPU
		{B19C892E-2628-4CA7-AD27-08D406A3B14B}.Release|iPhone.ActiveCfg = Release|Any CPU
		{B19C892E-2628-4CA7-AD27-08D406A3B14B}.Release|iPhone.Build.0 = Release|Any CPU
		{B19C892E-2628-4CA7-AD27-08D406A3B14B}.Release|iPhoneSimulator.ActiveCfg = Release|Any CPU
		{B19C892E-2628-4CA7-AD27-08D406A3B14B}.Release|iPhoneSimulator.Build.0 = Release|Any CPU
		{B19C892E-2628-4CA7-AD27-08D406A3B14B}.Release|x64.ActiveCfg = Release|Any CPU
		{B19C892E-2628-4CA7-AD27-08D406A3B14B}.Release|x64.Build.0 = Release|Any CPU
		{B19C892E-2628-4CA7-AD27-08D406A3B14B}.Release|x86.ActiveCfg = Release|Any CPU
		{B19C892E-2628-4CA7-AD27-08D406A3B14B}.Release|x86.Build.0 = Release|Any CPU
		{28AEC58B-D415-489C-B5BE-7CFE679497D4}.Ad-Hoc|Any CPU.ActiveCfg = Debug|Any CPU
		{28AEC58B-D415-489C-B5BE-7CFE679497D4}.Ad-Hoc|Any CPU.Build.0 = Debug|Any CPU
		{28AEC58B-D415-489C-B5BE-7CFE679497D4}.Ad-Hoc|ARM.ActiveCfg = Debug|Any CPU
		{28AEC58B-D415-489C-B5BE-7CFE679497D4}.Ad-Hoc|ARM.Build.0 = Debug|Any CPU
		{28AEC58B-D415-489C-B5BE-7CFE679497D4}.Ad-Hoc|iPhone.ActiveCfg = Debug|Any CPU
		{28AEC58B-D415-489C-B5BE-7CFE679497D4}.Ad-Hoc|iPhone.Build.0 = Debug|Any CPU
		{28AEC58B-D415-489C-B5BE-7CFE679497D4}.Ad-Hoc|iPhoneSimulator.ActiveCfg = Debug|Any CPU
		{28AEC58B-D415-489C-B5BE-7CFE679497D4}.Ad-Hoc|iPhoneSimulator.Build.0 = Debug|Any CPU
		{28AEC58B-D415-489C-B5BE-7CFE679497D4}.Ad-Hoc|x64.ActiveCfg = Debug|Any CPU
		{28AEC58B-D415-489C-B5BE-7CFE679497D4}.Ad-Hoc|x64.Build.0 = Debug|Any CPU
		{28AEC58B-D415-489C-B5BE-7CFE679497D4}.Ad-Hoc|x86.ActiveCfg = Debug|Any CPU
		{28AEC58B-D415-489C-B5BE-7CFE679497D4}.Ad-Hoc|x86.Build.0 = Debug|Any CPU
		{28AEC58B-D415-489C-B5BE-7CFE679497D4}.AppStore|Any CPU.ActiveCfg = Debug|Any CPU
		{28AEC58B-D415-489C-B5BE-7CFE679497D4}.AppStore|Any CPU.Build.0 = Debug|Any CPU
		{28AEC58B-D415-489C-B5BE-7CFE679497D4}.AppStore|ARM.ActiveCfg = Debug|Any CPU
		{28AEC58B-D415-489C-B5BE-7CFE679497D4}.AppStore|ARM.Build.0 = Debug|Any CPU
		{28AEC58B-D415-489C-B5BE-7CFE679497D4}.AppStore|iPhone.ActiveCfg = Debug|Any CPU
		{28AEC58B-D415-489C-B5BE-7CFE679497D4}.AppStore|iPhone.Build.0 = Debug|Any CPU
		{28AEC58B-D415-489C-B5BE-7CFE679497D4}.AppStore|iPhoneSimulator.ActiveCfg = Debug|Any CPU
		{28AEC58B-D415-489C-B5BE-7CFE679497D4}.AppStore|iPhoneSimulator.Build.0 = Debug|Any CPU
		{28AEC58B-D415-489C-B5BE-7CFE679497D4}.AppStore|x64.ActiveCfg = Debug|Any CPU
		{28AEC58B-D415-489C-B5BE-7CFE679497D4}.AppStore|x64.Build.0 = Debug|Any CPU
		{28AEC58B-D415-489C-B5BE-7CFE679497D4}.AppStore|x86.ActiveCfg = Debug|Any CPU
		{28AEC58B-D415-489C-B5BE-7CFE679497D4}.AppStore|x86.Build.0 = Debug|Any CPU
		{28AEC58B-D415-489C-B5BE-7CFE679497D4}.Debug|Any CPU.ActiveCfg = Debug|Any CPU
		{28AEC58B-D415-489C-B5BE-7CFE679497D4}.Debug|Any CPU.Build.0 = Debug|Any CPU
		{28AEC58B-D415-489C-B5BE-7CFE679497D4}.Debug|ARM.ActiveCfg = Debug|Any CPU
		{28AEC58B-D415-489C-B5BE-7CFE679497D4}.Debug|ARM.Build.0 = Debug|Any CPU
		{28AEC58B-D415-489C-B5BE-7CFE679497D4}.Debug|iPhone.ActiveCfg = Debug|Any CPU
		{28AEC58B-D415-489C-B5BE-7CFE679497D4}.Debug|iPhone.Build.0 = Debug|Any CPU
		{28AEC58B-D415-489C-B5BE-7CFE679497D4}.Debug|iPhoneSimulator.ActiveCfg = Debug|Any CPU
		{28AEC58B-D415-489C-B5BE-7CFE679497D4}.Debug|iPhoneSimulator.Build.0 = Debug|Any CPU
		{28AEC58B-D415-489C-B5BE-7CFE679497D4}.Debug|x64.ActiveCfg = Debug|Any CPU
		{28AEC58B-D415-489C-B5BE-7CFE679497D4}.Debug|x64.Build.0 = Debug|Any CPU
		{28AEC58B-D415-489C-B5BE-7CFE679497D4}.Debug|x86.ActiveCfg = Debug|Any CPU
		{28AEC58B-D415-489C-B5BE-7CFE679497D4}.Debug|x86.Build.0 = Debug|Any CPU
		{28AEC58B-D415-489C-B5BE-7CFE679497D4}.Release|Any CPU.ActiveCfg = Release|Any CPU
		{28AEC58B-D415-489C-B5BE-7CFE679497D4}.Release|Any CPU.Build.0 = Release|Any CPU
		{28AEC58B-D415-489C-B5BE-7CFE679497D4}.Release|ARM.ActiveCfg = Release|Any CPU
		{28AEC58B-D415-489C-B5BE-7CFE679497D4}.Release|ARM.Build.0 = Release|Any CPU
		{28AEC58B-D415-489C-B5BE-7CFE679497D4}.Release|iPhone.ActiveCfg = Release|Any CPU
		{28AEC58B-D415-489C-B5BE-7CFE679497D4}.Release|iPhone.Build.0 = Release|Any CPU
		{28AEC58B-D415-489C-B5BE-7CFE679497D4}.Release|iPhoneSimulator.ActiveCfg = Release|Any CPU
		{28AEC58B-D415-489C-B5BE-7CFE679497D4}.Release|iPhoneSimulator.Build.0 = Release|Any CPU
		{28AEC58B-D415-489C-B5BE-7CFE679497D4}.Release|x64.ActiveCfg = Debug|Any CPU
		{28AEC58B-D415-489C-B5BE-7CFE679497D4}.Release|x64.Build.0 = Debug|Any CPU
		{28AEC58B-D415-489C-B5BE-7CFE679497D4}.Release|x86.ActiveCfg = Release|Any CPU
		{28AEC58B-D415-489C-B5BE-7CFE679497D4}.Release|x86.Build.0 = Release|Any CPU
		{FCFA1A25-B737-48A2-A58C-9CE2E355BDDA}.Ad-Hoc|Any CPU.ActiveCfg = Debug|Any CPU
		{FCFA1A25-B737-48A2-A58C-9CE2E355BDDA}.Ad-Hoc|Any CPU.Build.0 = Debug|Any CPU
		{FCFA1A25-B737-48A2-A58C-9CE2E355BDDA}.Ad-Hoc|ARM.ActiveCfg = Debug|Any CPU
		{FCFA1A25-B737-48A2-A58C-9CE2E355BDDA}.Ad-Hoc|ARM.Build.0 = Debug|Any CPU
		{FCFA1A25-B737-48A2-A58C-9CE2E355BDDA}.Ad-Hoc|iPhone.ActiveCfg = Debug|Any CPU
		{FCFA1A25-B737-48A2-A58C-9CE2E355BDDA}.Ad-Hoc|iPhone.Build.0 = Debug|Any CPU
		{FCFA1A25-B737-48A2-A58C-9CE2E355BDDA}.Ad-Hoc|iPhoneSimulator.ActiveCfg = Debug|Any CPU
		{FCFA1A25-B737-48A2-A58C-9CE2E355BDDA}.Ad-Hoc|iPhoneSimulator.Build.0 = Debug|Any CPU
		{FCFA1A25-B737-48A2-A58C-9CE2E355BDDA}.Ad-Hoc|x64.ActiveCfg = Debug|Any CPU
		{FCFA1A25-B737-48A2-A58C-9CE2E355BDDA}.Ad-Hoc|x64.Build.0 = Debug|Any CPU
		{FCFA1A25-B737-48A2-A58C-9CE2E355BDDA}.Ad-Hoc|x86.ActiveCfg = Debug|Any CPU
		{FCFA1A25-B737-48A2-A58C-9CE2E355BDDA}.Ad-Hoc|x86.Build.0 = Debug|Any CPU
		{FCFA1A25-B737-48A2-A58C-9CE2E355BDDA}.AppStore|Any CPU.ActiveCfg = Debug|Any CPU
		{FCFA1A25-B737-48A2-A58C-9CE2E355BDDA}.AppStore|Any CPU.Build.0 = Debug|Any CPU
		{FCFA1A25-B737-48A2-A58C-9CE2E355BDDA}.AppStore|ARM.ActiveCfg = Debug|Any CPU
		{FCFA1A25-B737-48A2-A58C-9CE2E355BDDA}.AppStore|ARM.Build.0 = Debug|Any CPU
		{FCFA1A25-B737-48A2-A58C-9CE2E355BDDA}.AppStore|iPhone.ActiveCfg = Debug|Any CPU
		{FCFA1A25-B737-48A2-A58C-9CE2E355BDDA}.AppStore|iPhone.Build.0 = Debug|Any CPU
		{FCFA1A25-B737-48A2-A58C-9CE2E355BDDA}.AppStore|iPhoneSimulator.ActiveCfg = Debug|Any CPU
		{FCFA1A25-B737-48A2-A58C-9CE2E355BDDA}.AppStore|iPhoneSimulator.Build.0 = Debug|Any CPU
		{FCFA1A25-B737-48A2-A58C-9CE2E355BDDA}.AppStore|x64.ActiveCfg = Debug|Any CPU
		{FCFA1A25-B737-48A2-A58C-9CE2E355BDDA}.AppStore|x64.Build.0 = Debug|Any CPU
		{FCFA1A25-B737-48A2-A58C-9CE2E355BDDA}.AppStore|x86.ActiveCfg = Debug|Any CPU
		{FCFA1A25-B737-48A2-A58C-9CE2E355BDDA}.AppStore|x86.Build.0 = Debug|Any CPU
		{FCFA1A25-B737-48A2-A58C-9CE2E355BDDA}.Debug|Any CPU.ActiveCfg = Debug|Any CPU
		{FCFA1A25-B737-48A2-A58C-9CE2E355BDDA}.Debug|Any CPU.Build.0 = Debug|Any CPU
		{FCFA1A25-B737-48A2-A58C-9CE2E355BDDA}.Debug|ARM.ActiveCfg = Debug|Any CPU
		{FCFA1A25-B737-48A2-A58C-9CE2E355BDDA}.Debug|ARM.Build.0 = Debug|Any CPU
		{FCFA1A25-B737-48A2-A58C-9CE2E355BDDA}.Debug|iPhone.ActiveCfg = Debug|Any CPU
		{FCFA1A25-B737-48A2-A58C-9CE2E355BDDA}.Debug|iPhone.Build.0 = Debug|Any CPU
		{FCFA1A25-B737-48A2-A58C-9CE2E355BDDA}.Debug|iPhoneSimulator.ActiveCfg = Debug|Any CPU
		{FCFA1A25-B737-48A2-A58C-9CE2E355BDDA}.Debug|iPhoneSimulator.Build.0 = Debug|Any CPU
		{FCFA1A25-B737-48A2-A58C-9CE2E355BDDA}.Debug|x64.ActiveCfg = Debug|Any CPU
		{FCFA1A25-B737-48A2-A58C-9CE2E355BDDA}.Debug|x64.Build.0 = Debug|Any CPU
		{FCFA1A25-B737-48A2-A58C-9CE2E355BDDA}.Debug|x86.ActiveCfg = Debug|Any CPU
		{FCFA1A25-B737-48A2-A58C-9CE2E355BDDA}.Debug|x86.Build.0 = Debug|Any CPU
		{FCFA1A25-B737-48A2-A58C-9CE2E355BDDA}.Release|Any CPU.ActiveCfg = Release|Any CPU
		{FCFA1A25-B737-48A2-A58C-9CE2E355BDDA}.Release|Any CPU.Build.0 = Release|Any CPU
		{FCFA1A25-B737-48A2-A58C-9CE2E355BDDA}.Release|ARM.ActiveCfg = Release|Any CPU
		{FCFA1A25-B737-48A2-A58C-9CE2E355BDDA}.Release|ARM.Build.0 = Release|Any CPU
		{FCFA1A25-B737-48A2-A58C-9CE2E355BDDA}.Release|iPhone.ActiveCfg = Release|Any CPU
		{FCFA1A25-B737-48A2-A58C-9CE2E355BDDA}.Release|iPhone.Build.0 = Release|Any CPU
		{FCFA1A25-B737-48A2-A58C-9CE2E355BDDA}.Release|iPhoneSimulator.ActiveCfg = Release|Any CPU
		{FCFA1A25-B737-48A2-A58C-9CE2E355BDDA}.Release|iPhoneSimulator.Build.0 = Release|Any CPU
		{FCFA1A25-B737-48A2-A58C-9CE2E355BDDA}.Release|x64.ActiveCfg = Release|Any CPU
		{FCFA1A25-B737-48A2-A58C-9CE2E355BDDA}.Release|x64.Build.0 = Release|Any CPU
		{FCFA1A25-B737-48A2-A58C-9CE2E355BDDA}.Release|x86.ActiveCfg = Release|Any CPU
		{FCFA1A25-B737-48A2-A58C-9CE2E355BDDA}.Release|x86.Build.0 = Release|Any CPU
	EndGlobalSection
	GlobalSection(SolutionProperties) = preSolution
		HideSolutionNode = FALSE
	EndGlobalSection
	GlobalSection(ExtensibilityGlobals) = postSolution
		SolutionGuid = {235742CB-D87E-4C32-8CFE-969F685C2EFA}
	EndGlobalSection
EndGlobal
