
Microsoft Visual Studio Solution File, Format Version 12.00
# Visual Studio 15
Project("{FAE04EC0-301F-11D3-BF4B-00C04F79EFBC}") = "Monowallet.iOS", "Monowallet.iOS\Monowallet.iOS.csproj", "{C92960F0-32FE-4B63-BC78-B6E9212388B9}"
EndProject
Project("{FAE04EC0-301F-11D3-BF4B-00C04F79EFBC}") = "Monowallet.Core", "Monowallet.Core\Monowallet.Core.csproj", "{313B2C3E-5A72-478B-A788-61CC8E3A21E8}"
EndProject
Project("{FAE04EC0-301F-11D3-BF4B-00C04F79EFBC}") = "Monowallet.Droid", "Monowallet.Droid\Monowallet.Droid.csproj", "{6E28D4BE-99F3-4476-B4A7-FD495CD87DA8}"
EndProject
Global
	GlobalSection(SolutionConfigurationPlatforms) = preSolution
		Debug|iPhoneSimulator = Debug|iPhoneSimulator
		Release|iPhone = Release|iPhone
		Release|iPhoneSimulator = Release|iPhoneSimulator
		Debug|iPhone = Debug|iPhone
		Debug|Any CPU = Debug|Any CPU
	EndGlobalSection
	GlobalSection(ProjectConfigurationPlatforms) = postSolution
		{C92960F0-32FE-4B63-BC78-B6E9212388B9}.Debug|iPhoneSimulator.ActiveCfg = Debug|iPhoneSimulator
		{C92960F0-32FE-4B63-BC78-B6E9212388B9}.Debug|iPhoneSimulator.Build.0 = Debug|iPhoneSimulator
		{C92960F0-32FE-4B63-BC78-B6E9212388B9}.Release|iPhone.ActiveCfg = Release|iPhone
		{C92960F0-32FE-4B63-BC78-B6E9212388B9}.Release|iPhone.Build.0 = Release|iPhone
		{C92960F0-32FE-4B63-BC78-B6E9212388B9}.Release|iPhoneSimulator.ActiveCfg = Release|iPhoneSimulator
		{C92960F0-32FE-4B63-BC78-B6E9212388B9}.Release|iPhoneSimulator.Build.0 = Release|iPhoneSimulator
		{C92960F0-32FE-4B63-BC78-B6E9212388B9}.Debug|iPhone.ActiveCfg = Debug|iPhone
		{C92960F0-32FE-4B63-BC78-B6E9212388B9}.Debug|iPhone.Build.0 = Debug|iPhone
		{C92960F0-32FE-4B63-BC78-B6E9212388B9}.Debug|Any CPU.ActiveCfg = Debug|iPhoneSimulator
		{C92960F0-32FE-4B63-BC78-B6E9212388B9}.Debug|Any CPU.Build.0 = Debug|iPhoneSimulator
		{313B2C3E-5A72-478B-A788-61CC8E3A21E8}.Debug|iPhoneSimulator.ActiveCfg = Debug|Any CPU
		{313B2C3E-5A72-478B-A788-61CC8E3A21E8}.Debug|iPhoneSimulator.Build.0 = Debug|Any CPU
		{313B2C3E-5A72-478B-A788-61CC8E3A21E8}.Release|iPhone.ActiveCfg = Release|Any CPU
		{313B2C3E-5A72-478B-A788-61CC8E3A21E8}.Release|iPhone.Build.0 = Release|Any CPU
		{313B2C3E-5A72-478B-A788-61CC8E3A21E8}.Release|iPhoneSimulator.ActiveCfg = Release|Any CPU
		{313B2C3E-5A72-478B-A788-61CC8E3A21E8}.Release|iPhoneSimulator.Build.0 = Release|Any CPU
		{313B2C3E-5A72-478B-A788-61CC8E3A21E8}.Debug|iPhone.ActiveCfg = Debug|Any CPU
		{313B2C3E-5A72-478B-A788-61CC8E3A21E8}.Debug|iPhone.Build.0 = Debug|Any CPU
		{313B2C3E-5A72-478B-A788-61CC8E3A21E8}.Debug|Any CPU.ActiveCfg = Debug|Any CPU
		{313B2C3E-5A72-478B-A788-61CC8E3A21E8}.Debug|Any CPU.Build.0 = Debug|Any CPU
		{6E28D4BE-99F3-4476-B4A7-FD495CD87DA8}.Debug|iPhoneSimulator.ActiveCfg = Debug|Any CPU
		{6E28D4BE-99F3-4476-B4A7-FD495CD87DA8}.Release|iPhone.ActiveCfg = Release|Any CPU
		{6E28D4BE-99F3-4476-B4A7-FD495CD87DA8}.Release|iPhone.Build.0 = Release|Any CPU
		{6E28D4BE-99F3-4476-B4A7-FD495CD87DA8}.Release|iPhoneSimulator.ActiveCfg = Release|Any CPU
		{6E28D4BE-99F3-4476-B4A7-FD495CD87DA8}.Release|iPhoneSimulator.Build.0 = Release|Any CPU
		{6E28D4BE-99F3-4476-B4A7-FD495CD87DA8}.Debug|iPhone.ActiveCfg = Debug|Any CPU
		{6E28D4BE-99F3-4476-B4A7-FD495CD87DA8}.Debug|Any CPU.ActiveCfg = Debug|Any CPU
		{6E28D4BE-99F3-4476-B4A7-FD495CD87DA8}.Debug|Any CPU.Build.0 = Debug|Any CPU
	EndGlobalSection
EndGlobal
